[[package]]
name = "colander"
version = "1.8.3"
description = "A simple schema-based serialization and deserialization library"
category = "main"
optional = false
python-versions = "!=3.0.*,!=3.1.*,!=3.2.*,!=3.3.*,!=3.4.*,>=2.7"

[package.dependencies]
iso8601 = "*"
translationstring = "*"

[package.extras]
docs = ["Sphinx (>=1.8.1)", "docutils", "pylons-sphinx-themes (>=1.0.9)"]
testing = ["pytest", "pytest-cov", "coverage (>=5.0)"]

[[package]]
name = "colorama"
version = "0.4.4"
description = "Cross-platform colored terminal text."
category = "main"
optional = false
python-versions = ">=2.7, !=3.0.*, !=3.1.*, !=3.2.*, !=3.3.*, !=3.4.*"

[[package]]
name = "iso8601"
version = "0.1.16"
description = "Simple module to parse ISO 8601 dates"
category = "main"
optional = false
python-versions = "*"

[[package]]
name = "toml"
version = "0.10.2"
description = "Python Library for Tom's Obvious, Minimal Language"
category = "main"
optional = false
python-versions = ">=2.6, !=3.0.*, !=3.1.*, !=3.2.*"

[[package]]
name = "translationstring"
version = "1.4"
description = "Utility library for i18n relied on by various Repoze and Pyramid packages"
category = "main"
optional = false
python-versions = "*"

[package.extras]
docs = ["Sphinx (>=1.3.1)", "docutils", "pylons-sphinx-themes"]

[metadata]
lock-version = "1.1"
python-versions = "^3.9"
content-hash = "0a30ffbf125c0bac341bd91e29a3cd80a82bc91af2ed89913b15473677c643f0"

[metadata.files]
colander = [
    {file = "colander-1.8.3-py2.py3-none-any.whl", hash = "sha256:27a94e96899d2e21d7d1685eca8e44f57e772f48cdf39d3dbca8686c24867335"},
    {file = "colander-1.8.3.tar.gz", hash = "sha256:259592a0d6a89cbe63c0c5771f9c0c2522387415af8d715f599583eac659f7d4"},
]
colorama = [
    {file = "colorama-0.4.4-py2.py3-none-any.whl", hash = "sha256:9f47eda37229f68eee03b24b9748937c7dc3868f906e8ba69fbcbdd3bc5dc3e2"},
    {file = "colorama-0.4.4.tar.gz", hash = "sha256:5941b2b48a20143d2267e95b1c2a7603ce057ee39fd88e7329b0c292aa16869b"},
]
iso8601 = [
    {file = "iso8601-0.1.16-py2.py3-none-any.whl", hash = "sha256:906714829fedbc89955d52806c903f2332e3948ed94e31e85037f9e0226b8376"},
    {file = "iso8601-0.1.16.tar.gz", hash = "sha256:36532f77cc800594e8f16641edae7f1baf7932f05d8e508545b95fc53c6dc85b"},
]
toml = [
    {file = "toml-0.10.2-py2.py3-none-any.whl", hash = "sha256:806143ae5bfb6a3c6e736a764057db0e6a0e05e338b5630894a5f779cabb4f9b"},
    {file = "toml-0.10.2.tar.gz", hash = "sha256:b3bda1d108d5dd99f4a20d24d9c348e91c4db7ab1b749200bded2f839ccbe68f"},
]
translationstring = [
    {file = "translationstring-1.4-py2.py3-none-any.whl", hash = "sha256:5f4dc4d939573db851c8d840551e1a0fb27b946afe3b95aafc22577eed2d6262"},
    {file = "translationstring-1.4.tar.gz", hash = "sha256:bf947538d76e69ba12ab17283b10355a9ecfbc078e6123443f43f2107f6376f3"},
]
